github.com/Pavlico/topcoin/services/coinmarket v0.0.0-20220525132932-1d29535e1927 h1:63Y+dBegDwZT4TUEGU3OyF3xiDkoosnjrq2DLVx0Cgs=
github.com/Pavlico/topcoin/services/coinmarket v0.0.0-20220525132932-1d29535e1927/go.mod h1:V3K6sy897Jdm9r8JjCNTDI9493PxOM4tBlkce1DEMHA=
github.com/Pavlico/topcoin/services/cryptocompare v0.0.0-20220525115628-092a2ae5baed h1:rKADzIWjIUIodWk2iKWNC/HNhtltnDQVsF7ymGBvquU=
github.com/Pavlico/topcoin/services/cryptocompare v0.0.0-20220525115628-092a2ae5baed/go.mod h1:9Urh6M5ydnv0724Jj1GDP4hw8ncaJAL0TnOADODvStE=
github.com/Pavlico/topcoin/services/topcollector v0.0.0-20220525115628-092a2ae5baed h1:45f9+oKSTdCeU3XDZ9tRsbrMxRK5FVoVVdpFc22PfRo=
github.com/Pavlico/topcoin/services/topcollector v0.0.0-20220525115628-092a2ae5baed/go.mod h1:e0kf8Vii5yuk05r5l5J3zj8P4QcupVRbq94Nqvi3qJY=
github.com/davecgh/go-spew v1.1.0 h1:ZDRjVQ15GmhC3fiQ8ni8+OwkZQO4DARzQgrnXU1Liz8=
github.com/h2non/parth v0.0.0-20190131123155-b4df798d6542 h1:2VTzZjLZBgl62/EtslCrtky5vbi9dd7HrQPQIx6wqiw=
github.com/julienschmidt/httprouter v1.3.0 h1:U0609e9tgbseu3rBINet9P48AI/D3oJs4dN7jwJOQ1U=
github.com/julienschmidt/httprouter v1.3.0/go.mod h1:JR6WtHb+2LUe8TCKY3cZOxFyyO8IZAc4RVcycCCAKdM=
github.com/nbio/st v0.0.0-20140626010706-e9e8d9816f32 h1:W6apQkHrMkS0Muv8G/TipAy/FJl/rCYT0+EuS8+Z0z4=
github.com/pkg/errors v0.9.1 h1:FEBLx1zS214owpjy7qsBeixbURkuhQAwrK5UwLGTwt4=
github.com/pkg/errors v0.9.1/go.mod h1:bwawxfHBFNV+L2hUp1rHADufV3IMtnDRdf1r5NINEl0=
github.com/pmezard/go-difflib v1.0.0 h1:4DBwDE0NGyQoBHbLQYPwSUPoCMWR5BEzIk/f1lZbAQM=
github.com/stretchr/testify v1.7.1 h1:5TQK59W5E3v0r2duFAb7P95B6hEeOyEnHRa8MjYSMTY=
gopkg.in/h2non/gock.v1 v1.1.2 h1:jBbHXgGBK/AoPVfJh5x4r/WxIrElvbLel8TCZkkZJoY=
gopkg.in/yaml.v3 v3.0.0-20200313102051-9f266ea9e77c h1:dUUwHk2QECo/6vqA44rthZ8ie2QXMNeKRTHCNY2nXvo=
