github.com/Pavlico/topcoin/services/coinmarket v0.0.0-20220525115628-092a2ae5baed h1:YYYMqO8Va+LB+SL+DdQRLs9/N5ScFevxb16sRq5JP9E=
github.com/Pavlico/topcoin/services/coinmarket v0.0.0-20220525115628-092a2ae5baed/go.mod h1:V3K6sy897Jdm9r8JjCNTDI9493PxOM4tBlkce1DEMHA=
github.com/Pavlico/topcoin/services/cryptocompare v0.0.0-20220525115628-092a2ae5baed h1:rKADzIWjIUIodWk2iKWNC/HNhtltnDQVsF7ymGBvquU=
github.com/Pavlico/topcoin/services/cryptocompare v0.0.0-20220525115628-092a2ae5baed/go.mod h1:9Urh6M5ydnv0724Jj1GDP4hw8ncaJAL0TnOADODvStE=
github.com/Pavlico/topcoin/services/dbservice v0.0.0-20220603124609-f3e15285f801 h1:222RAwxLPUxne1zPzolU7lvnjg7LcePuJb0AYrHdnx8=
github.com/Pavlico/topcoin/services/dbservice v0.0.0-20220603124609-f3e15285f801/go.mod h1:tUDHCc3MUGGbhMeP5jxUls5DIml4Chcvo8RhbxduGvo=
github.com/Pavlico/topcoin/services/topcollector v0.0.0-20220603124609-f3e15285f801 h1:hDrSiUydLYDYF5I94uRp2w0xnjIPSKGLjsiTlE+VLUM=
github.com/Pavlico/topcoin/services/topcollector v0.0.0-20220603124609-f3e15285f801/go.mod h1:VzpBdTBT+7CEZMkjtPKqCDa34K4n/kVG3o+zKcW28Ew=
github.com/davecgh/go-spew v1.1.1 h1:vj9j/u1bqnvCEfJOwUhtlOARqs3+rkHYY13jYWTU97c=
github.com/go-sql-driver/mysql v1.6.0 h1:BCTh4TKNUYmOmMUcQ3IipzF5prigylS7XXjEkfCHuOE=
github.com/go-sql-driver/mysql v1.6.0/go.mod h1:DCzpHaOWr8IXmIStZouvnhqoel9Qv2LBy8hT2VhHyBg=
github.com/h2non/parth v0.0.0-20190131123155-b4df798d6542 h1:2VTzZjLZBgl62/EtslCrtky5vbi9dd7HrQPQIx6wqiw=
github.com/nbio/st v0.0.0-20140626010706-e9e8d9816f32 h1:W6apQkHrMkS0Muv8G/TipAy/FJl/rCYT0+EuS8+Z0z4=
github.com/pkg/errors v0.9.1 h1:FEBLx1zS214owpjy7qsBeixbURkuhQAwrK5UwLGTwt4=
github.com/pkg/errors v0.9.1/go.mod h1:bwawxfHBFNV+L2hUp1rHADufV3IMtnDRdf1r5NINEl0=
github.com/pmezard/go-difflib v1.0.0 h1:4DBwDE0NGyQoBHbLQYPwSUPoCMWR5BEzIk/f1lZbAQM=
github.com/stretchr/testify v1.7.1 h1:5TQK59W5E3v0r2duFAb7P95B6hEeOyEnHRa8MjYSMTY=
gopkg.in/h2non/gock.v1 v1.1.2 h1:jBbHXgGBK/AoPVfJh5x4r/WxIrElvbLel8TCZkkZJoY=
gopkg.in/yaml.v3 v3.0.0 h1:hjy8E9ON/egN1tAYqKb61G10WtihqetD4sz2H+8nIeA=
