github.com/Pavlico/topcoin/services/topcollector v0.0.0-20220525104047-83cd35f035ec h1:PQend8hR/Uhq3OyVY9IJHUP6KH+Dpm5WSM/+1CJ9eeY=
github.com/Pavlico/topcoin/services/topcollector v0.0.0-20220525104047-83cd35f035ec/go.mod h1:zOWwV/e0X8Yu3nZh24ZPvjy775MIjy6G8lOky6b0bV4=
github.com/go-sql-driver/mysql v1.6.0 h1:BCTh4TKNUYmOmMUcQ3IipzF5prigylS7XXjEkfCHuOE=
github.com/go-sql-driver/mysql v1.6.0/go.mod h1:DCzpHaOWr8IXmIStZouvnhqoel9Qv2LBy8hT2VhHyBg=
